
Microsoft Visual Studio Solution File, Format Version 12.00
# Visual Studio 15
VisualStudioVersion = 15.0.28307.779
MinimumVisualStudioVersion = 10.0.40219.1
Project("{FAE04EC0-301F-11D3-BF4B-00C04F79EFBC}") = "DeveloperMeetUpBookings", "DeveloperMeetUpBookings\DeveloperMeetUpBookings.csproj", "{4F382A89-3BD4-4615-98F7-61ABE4A38052}"
EndProject
Global
	GlobalSection(SolutionConfigurationPlatforms) = preSolution
		Debug|Any CPU = Debug|Any CPU
		Release|Any CPU = Release|Any CPU
	EndGlobalSection
	GlobalSection(ProjectConfigurationPlatforms) = postSolution
		{4F382A89-3BD4-4615-98F7-61ABE4A38052}.Debug|Any CPU.ActiveCfg = Debug|Any CPU
		{4F382A89-3BD4-4615-98F7-61ABE4A38052}.Debug|Any CPU.Build.0 = Debug|Any CPU
		{4F382A89-3BD4-4615-98F7-61ABE4A38052}.Release|Any CPU.ActiveCfg = Release|Any CPU
		{4F382A89-3BD4-4615-98F7-61ABE4A38052}.Release|Any CPU.Build.0 = Release|Any CPU
	EndGlobalSection
	GlobalSection(SolutionProperties) = preSolution
		HideSolutionNode = FALSE
	EndGlobalSection
	GlobalSection(ExtensibilityGlobals) = postSolution
		SolutionGuid = {4BF06458-1596-47E6-A68A-18BEC3D3A79C}
	EndGlobalSection
EndGlobal
